// !$*UTF8*$!
{
	archiveVersion = 1;
	classes = {
	};
	objectVersion = 50;
	objects = {

/* Begin PBXBuildFile section */
		EC4E573D25C597BE00AC4A73 /* ITColors.swift in Sources */ = {isa = PBXBuildFile; fileRef = EC4E573C25C597BE00AC4A73 /* ITColors.swift */; };
		EC61BD8925EECD2D001B2E1E /* SetupRouter.swift in Sources */ = {isa = PBXBuildFile; fileRef = EC61BD8825EECD2D001B2E1E /* SetupRouter.swift */; };
		EC61BD8C25EECE9C001B2E1E /* SetupViewController.swift in Sources */ = {isa = PBXBuildFile; fileRef = EC61BD8B25EECE9C001B2E1E /* SetupViewController.swift */; };
		EC7D559225D07FA30074E1C0 /* DetailViewController.swift in Sources */ = {isa = PBXBuildFile; fileRef = EC7D559125D07FA30074E1C0 /* DetailViewController.swift */; };
		EC8E0FB225C9780A00C9176B /* UIViewController+LoadingAlert.swift in Sources */ = {isa = PBXBuildFile; fileRef = EC8E0FB125C9780A00C9176B /* UIViewController+LoadingAlert.swift */; };
		ECBF474025B331810059B73A /* AppDelegate.swift in Sources */ = {isa = PBXBuildFile; fileRef = ECBF473F25B331810059B73A /* AppDelegate.swift */; };
		ECBF474225B331810059B73A /* SceneDelegate.swift in Sources */ = {isa = PBXBuildFile; fileRef = ECBF474125B331810059B73A /* SceneDelegate.swift */; };
		ECBF474725B331810059B73A /* Main.storyboard in Resources */ = {isa = PBXBuildFile; fileRef = ECBF474525B331810059B73A /* Main.storyboard */; };
		ECBF474925B331820059B73A /* Assets.xcassets in Resources */ = {isa = PBXBuildFile; fileRef = ECBF474825B331820059B73A /* Assets.xcassets */; };
		ECBF474C25B331820059B73A /* LaunchScreen.storyboard in Resources */ = {isa = PBXBuildFile; fileRef = ECBF474A25B331820059B73A /* LaunchScreen.storyboard */; };
		ECBF475525B331BD0059B73A /* HomeTableViewController.swift in Sources */ = {isa = PBXBuildFile; fileRef = ECBF475425B331BD0059B73A /* HomeTableViewController.swift */; };
		ECBF475825B331E20059B73A /* ItemsApiService.swift in Sources */ = {isa = PBXBuildFile; fileRef = ECBF475725B331E20059B73A /* ItemsApiService.swift */; };
		ECBF475B25B332590059B73A /* Item.swift in Sources */ = {isa = PBXBuildFile; fileRef = ECBF475A25B332590059B73A /* Item.swift */; };
		ECBF475E25B33A1A0059B73A /* AddItemViewController.swift in Sources */ = {isa = PBXBuildFile; fileRef = ECBF475D25B33A1A0059B73A /* AddItemViewController.swift */; };
/* End PBXBuildFile section */

/* Begin PBXFileReference section */
		EC4E573C25C597BE00AC4A73 /* ITColors.swift */ = {isa = PBXFileReference; lastKnownFileType = sourcecode.swift; path = ITColors.swift; sourceTree = "<group>"; };
		EC61BD8825EECD2D001B2E1E /* SetupRouter.swift */ = {isa = PBXFileReference; lastKnownFileType = sourcecode.swift; path = SetupRouter.swift; sourceTree = "<group>"; };
		EC61BD8B25EECE9C001B2E1E /* SetupViewController.swift */ = {isa = PBXFileReference; lastKnownFileType = sourcecode.swift; path = SetupViewController.swift; sourceTree = "<group>"; };
		EC7D559125D07FA30074E1C0 /* DetailViewController.swift */ = {isa = PBXFileReference; lastKnownFileType = sourcecode.swift; path = DetailViewController.swift; sourceTree = "<group>"; };
		EC8E0FB125C9780A00C9176B /* UIViewController+LoadingAlert.swift */ = {isa = PBXFileReference; lastKnownFileType = sourcecode.swift; path = "UIViewController+LoadingAlert.swift"; sourceTree = "<group>"; };
		ECBF473C25B331810059B73A /* Items.app */ = {isa = PBXFileReference; explicitFileType = wrapper.application; includeInIndex = 0; path = Items.app; sourceTree = BUILT_PRODUCTS_DIR; };
		ECBF473F25B331810059B73A /* AppDelegate.swift */ = {isa = PBXFileReference; lastKnownFileType = sourcecode.swift; path = AppDelegate.swift; sourceTree = "<group>"; };
		ECBF474125B331810059B73A /* SceneDelegate.swift */ = {isa = PBXFileReference; lastKnownFileType = sourcecode.swift; path = SceneDelegate.swift; sourceTree = "<group>"; };
		ECBF474625B331810059B73A /* Base */ = {isa = PBXFileReference; lastKnownFileType = file.storyboard; name = Base; path = Base.lproj/Main.storyboard; sourceTree = "<group>"; };
		ECBF474825B331820059B73A /* Assets.xcassets */ = {isa = PBXFileReference; lastKnownFileType = folder.assetcatalog; path = Assets.xcassets; sourceTree = "<group>"; };
		ECBF474B25B331820059B73A /* Base */ = {isa = PBXFileReference; lastKnownFileType = file.storyboard; name = Base; path = Base.lproj/LaunchScreen.storyboard; sourceTree = "<group>"; };
		ECBF474D25B331820059B73A /* Info.plist */ = {isa = PBXFileReference; lastKnownFileType = text.plist.xml; path = Info.plist; sourceTree = "<group>"; };
		ECBF475425B331BD0059B73A /* HomeTableViewController.swift */ = {isa = PBXFileReference; lastKnownFileType = sourcecode.swift; path = HomeTableViewController.swift; sourceTree = "<group>"; };
		ECBF475725B331E20059B73A /* ItemsApiService.swift */ = {isa = PBXFileReference; lastKnownFileType = sourcecode.swift; path = ItemsApiService.swift; sourceTree = "<group>"; };
		ECBF475A25B332590059B73A /* Item.swift */ = {isa = PBXFileReference; lastKnownFileType = sourcecode.swift; path = Item.swift; sourceTree = "<group>"; };
		ECBF475D25B33A1A0059B73A /* AddItemViewController.swift */ = {isa = PBXFileReference; lastKnownFileType = sourcecode.swift; path = AddItemViewController.swift; sourceTree = "<group>"; };
/* End PBXFileReference section */

/* Begin PBXFrameworksBuildPhase section */
		ECBF473925B331810059B73A /* Frameworks */ = {
			isa = PBXFrameworksBuildPhase;
			buildActionMask = 2147483647;
			files = (
			);
			runOnlyForDeploymentPostprocessing = 0;
		};
/* End PBXFrameworksBuildPhase section */

/* Begin PBXGroup section */
		EC4E573B25C597AD00AC4A73 /* Utils */ = {
			isa = PBXGroup;
			children = (
				EC4E573C25C597BE00AC4A73 /* ITColors.swift */,
				EC8E0FB125C9780A00C9176B /* UIViewController+LoadingAlert.swift */,
			);
			path = Utils;
			sourceTree = "<group>";
		};
		EC8E318525BF24C200A1ECD5 /* ViewControllers */ = {
			isa = PBXGroup;
			children = (
				ECBF475425B331BD0059B73A /* HomeTableViewController.swift */,
				ECBF475D25B33A1A0059B73A /* AddItemViewController.swift */,
				EC7D559125D07FA30074E1C0 /* DetailViewController.swift */,
				EC61BD8B25EECE9C001B2E1E /* SetupViewController.swift */,
			);
			path = ViewControllers;
			sourceTree = "<group>";
		};
		EC8E318625BF24DA00A1ECD5 /* Model */ = {
			isa = PBXGroup;
			children = (
				ECBF475A25B332590059B73A /* Item.swift */,
			);
			path = Model;
			sourceTree = "<group>";
		};
		ECBF473325B331810059B73A = {
			isa = PBXGroup;
			children = (
				ECBF473E25B331810059B73A /* Items */,
				ECBF473D25B331810059B73A /* Products */,
			);
			sourceTree = "<group>";
		};
		ECBF473D25B331810059B73A /* Products */ = {
			isa = PBXGroup;
			children = (
				ECBF473C25B331810059B73A /* Items.app */,
			);
			name = Products;
			sourceTree = "<group>";
		};
		ECBF473E25B331810059B73A /* Items */ = {
			isa = PBXGroup;
			children = (
				EC4E573B25C597AD00AC4A73 /* Utils */,
				ECBF473F25B331810059B73A /* AppDelegate.swift */,
				ECBF474125B331810059B73A /* SceneDelegate.swift */,
				ECBF474525B331810059B73A /* Main.storyboard */,
				EC8E318525BF24C200A1ECD5 /* ViewControllers */,
				EC8E318625BF24DA00A1ECD5 /* Model */,
				ECBF475725B331E20059B73A /* ItemsApiService.swift */,
				EC61BD8825EECD2D001B2E1E /* SetupRouter.swift */,
				ECBF474825B331820059B73A /* Assets.xcassets */,
				ECBF474A25B331820059B73A /* LaunchScreen.storyboard */,
				ECBF474D25B331820059B73A /* Info.plist */,
			);
			path = Items;
			sourceTree = "<group>";
		};
/* End PBXGroup section */

/* Begin PBXNativeTarget section */
		ECBF473B25B331810059B73A /* Items */ = {
			isa = PBXNativeTarget;
			buildConfigurationList = ECBF475025B331820059B73A /* Build configuration list for PBXNativeTarget "Items" */;
			buildPhases = (
				ECBF473825B331810059B73A /* Sources */,
				ECBF473925B331810059B73A /* Frameworks */,
				ECBF473A25B331810059B73A /* Resources */,
			);
			buildRules = (
			);
			dependencies = (
			);
			name = Items;
			productName = Items;
			productReference = ECBF473C25B331810059B73A /* Items.app */;
			productType = "com.apple.product-type.application";
		};
/* End PBXNativeTarget section */

/* Begin PBXProject section */
		ECBF473425B331810059B73A /* Project object */ = {
			isa = PBXProject;
			attributes = {
				LastSwiftUpdateCheck = 1230;
				LastUpgradeCheck = 1230;
				TargetAttributes = {
					ECBF473B25B331810059B73A = {
						CreatedOnToolsVersion = 12.3;
						LastSwiftMigration = 1240;
					};
				};
			};
			buildConfigurationList = ECBF473725B331810059B73A /* Build configuration list for PBXProject "Items" */;
			compatibilityVersion = "Xcode 9.3";
			developmentRegion = en;
			hasScannedForEncodings = 0;
			knownRegions = (
				en,
				Base,
			);
			mainGroup = ECBF473325B331810059B73A;
			productRefGroup = ECBF473D25B331810059B73A /* Products */;
			projectDirPath = "";
			projectRoot = "";
			targets = (
				ECBF473B25B331810059B73A /* Items */,
			);
		};
/* End PBXProject section */

/* Begin PBXResourcesBuildPhase section */
		ECBF473A25B331810059B73A /* Resources */ = {
			isa = PBXResourcesBuildPhase;
			buildActionMask = 2147483647;
			files = (
				ECBF474C25B331820059B73A /* LaunchScreen.storyboard in Resources */,
				ECBF474925B331820059B73A /* Assets.xcassets in Resources */,
				ECBF474725B331810059B73A /* Main.storyboard in Resources */,
			);
			runOnlyForDeploymentPostprocessing = 0;
		};
/* End PBXResourcesBuildPhase section */

/* Begin PBXSourcesBuildPhase section */
		ECBF473825B331810059B73A /* Sources */ = {
			isa = PBXSourcesBuildPhase;
			buildActionMask = 2147483647;
			files = (
				EC7D559225D07FA30074E1C0 /* DetailViewController.swift in Sources */,
				ECBF475825B331E20059B73A /* ItemsApiService.swift in Sources */,
				EC61BD8925EECD2D001B2E1E /* SetupRouter.swift in Sources */,
				ECBF475525B331BD0059B73A /* HomeTableViewController.swift in Sources */,
				EC4E573D25C597BE00AC4A73 /* ITColors.swift in Sources */,
				ECBF474025B331810059B73A /* AppDelegate.swift in Sources */,
				EC61BD8C25EECE9C001B2E1E /* SetupViewController.swift in Sources */,
				EC8E0FB225C9780A00C9176B /* UIViewController+LoadingAlert.swift in Sources */,
				ECBF475E25B33A1A0059B73A /* AddItemViewController.swift in Sources */,
				ECBF475B25B332590059B73A /* Item.swift in Sources */,
				ECBF474225B331810059B73A /* SceneDelegate.swift in Sources */,
			);
			runOnlyForDeploymentPostprocessing = 0;
		};
/* End PBXSourcesBuildPhase section */

/* Begin PBXVariantGroup section */
		ECBF474525B331810059B73A /* Main.storyboard */ = {
			isa = PBXVariantGroup;
			children = (
				ECBF474625B331810059B73A /* Base */,
			);
			name = Main.storyboard;
			sourceTree = "<group>";
		};
		ECBF474A25B331820059B73A /* LaunchScreen.storyboard */ = {
			isa = PBXVariantGroup;
			children = (
				ECBF474B25B331820059B73A /* Base */,
			);
			name = LaunchScreen.storyboard;
			sourceTree = "<group>";
		};
/* End PBXVariantGroup section */

/* Begin XCBuildConfiguration section */
		ECBF474E25B331820059B73A /* Debug */ = {
			isa = XCBuildConfiguration;
			buildSettings = {
				ALWAYS_SEARCH_USER_PATHS = NO;
				CLANG_ANALYZER_NONNULL = YES;
				CLANG_ANALYZER_NUMBER_OBJECT_CONVERSION = YES_AGGRESSIVE;
				CLANG_CXX_LANGUAGE_STANDARD = "gnu++14";
				CLANG_CXX_LIBRARY = "libc++";
				CLANG_ENABLE_MODULES = YES;
				CLANG_ENABLE_OBJC_ARC = YES;
				CLANG_ENABLE_OBJC_WEAK = YES;
				CLANG_WARN_BLOCK_CAPTURE_AUTORELEASING = YES;
				CLANG_WARN_BOOL_CONVERSION = YES;
				CLANG_WARN_COMMA = YES;
				CLANG_WARN_CONSTANT_CONVERSION = YES;
				CLANG_WARN_DEPRECATED_OBJC_IMPLEMENTATIONS = YES;
				CLANG_WARN_DIRECT_OBJC_ISA_USAGE = YES_ERROR;
				CLANG_WARN_DOCUMENTATION_COMMENTS = YES;
				CLANG_WARN_EMPTY_BODY = YES;
				CLANG_WARN_ENUM_CONVERSION = YES;
				CLANG_WARN_INFINITE_RECURSION = YES;
				CLANG_WARN_INT_CONVERSION = YES;
				CLANG_WARN_NON_LITERAL_NULL_CONVERSION = YES;
				CLANG_WARN_OBJC_IMPLICIT_RETAIN_SELF = YES;
				CLANG_WARN_OBJC_LITERAL_CONVERSION = YES;
				CLANG_WARN_OBJC_ROOT_CLASS = YES_ERROR;
				CLANG_WARN_QUOTED_INCLUDE_IN_FRAMEWORK_HEADER = YES;
				CLANG_WARN_RANGE_LOOP_ANALYSIS = YES;
				CLANG_WARN_STRICT_PROTOTYPES = YES;
				CLANG_WARN_SUSPICIOUS_MOVE = YES;
				CLANG_WARN_UNGUARDED_AVAILABILITY = YES_AGGRESSIVE;
				CLANG_WARN_UNREACHABLE_CODE = YES;
				CLANG_WARN__DUPLICATE_METHOD_MATCH = YES;
				COPY_PHASE_STRIP = NO;
				DEBUG_INFORMATION_FORMAT = dwarf;
				ENABLE_STRICT_OBJC_MSGSEND = YES;
				ENABLE_TESTABILITY = YES;
				GCC_C_LANGUAGE_STANDARD = gnu11;
				GCC_DYNAMIC_NO_PIC = NO;
				GCC_NO_COMMON_BLOCKS = YES;
				GCC_OPTIMIZATION_LEVEL = 0;
				GCC_PREPROCESSOR_DEFINITIONS = (
					"DEBUG=1",
					"$(inherited)",
				);
				GCC_WARN_64_TO_32_BIT_CONVERSION = YES;
				GCC_WARN_ABOUT_RETURN_TYPE = YES_ERROR;
				GCC_WARN_UNDECLARED_SELECTOR = YES;
				GCC_WARN_UNINITIALIZED_AUTOS = YES_AGGRESSIVE;
				GCC_WARN_UNUSED_FUNCTION = YES;
				GCC_WARN_UNUSED_VARIABLE = YES;
				IPHONEOS_DEPLOYMENT_TARGET = 14.3;
				MTL_ENABLE_DEBUG_INFO = INCLUDE_SOURCE;
				MTL_FAST_MATH = YES;
				ONLY_ACTIVE_ARCH = YES;
				SDKROOT = iphoneos;
				SWIFT_ACTIVE_COMPILATION_CONDITIONS = DEBUG;
				SWIFT_OPTIMIZATION_LEVEL = "-Onone";
			};
			name = Debug;
		};
		ECBF474F25B331820059B73A /* Release */ = {
			isa = XCBuildConfiguration;
			buildSettings = {
				ALWAYS_SEARCH_USER_PATHS = NO;
				CLANG_ANALYZER_NONNULL = YES;
				CLANG_ANALYZER_NUMBER_OBJECT_CONVERSION = YES_AGGRESSIVE;
				CLANG_CXX_LANGUAGE_STANDARD = "gnu++14";
				CLANG_CXX_LIBRARY = "libc++";
				CLANG_ENABLE_MODULES = YES;
				CLANG_ENABLE_OBJC_ARC = YES;
				CLANG_ENABLE_OBJC_WEAK = YES;
				CLANG_WARN_BLOCK_CAPTURE_AUTORELEASING = YES;
				CLANG_WARN_BOOL_CONVERSION = YES;
				CLANG_WARN_COMMA = YES;
				CLANG_WARN_CONSTANT_CONVERSION = YES;
				CLANG_WARN_DEPRECATED_OBJC_IMPLEMENTATIONS = YES;
				CLANG_WARN_DIRECT_OBJC_ISA_USAGE = YES_ERROR;
				CLANG_WARN_DOCUMENTATION_COMMENTS = YES;
				CLANG_WARN_EMPTY_BODY = YES;
				CLANG_WARN_ENUM_CONVERSION = YES;
				CLANG_WARN_INFINITE_RECURSION = YES;
				CLANG_WARN_INT_CONVERSION = YES;
				CLANG_WARN_NON_LITERAL_NULL_CONVERSION = YES;
				CLANG_WARN_OBJC_IMPLICIT_RETAIN_SELF = YES;
				CLANG_WARN_OBJC_LITERAL_CONVERSION = YES;
				CLANG_WARN_OBJC_ROOT_CLASS = YES_ERROR;
				CLANG_WARN_QUOTED_INCLUDE_IN_FRAMEWORK_HEADER = YES;
				CLANG_WARN_RANGE_LOOP_ANALYSIS = YES;
				CLANG_WARN_STRICT_PROTOTYPES = YES;
				CLANG_WARN_SUSPICIOUS_MOVE = YES;
				CLANG_WARN_UNGUARDED_AVAILABILITY = YES_AGGRESSIVE;
				CLANG_WARN_UNREACHABLE_CODE = YES;
				CLANG_WARN__DUPLICATE_METHOD_MATCH = YES;
				COPY_PHASE_STRIP = NO;
				DEBUG_INFORMATION_FORMAT = "dwarf-with-dsym";
				ENABLE_NS_ASSERTIONS = NO;
				ENABLE_STRICT_OBJC_MSGSEND = YES;
				GCC_C_LANGUAGE_STANDARD = gnu11;
				GCC_NO_COMMON_BLOCKS = YES;
				GCC_WARN_64_TO_32_BIT_CONVERSION = YES;
				GCC_WARN_ABOUT_RETURN_TYPE = YES_ERROR;
				GCC_WARN_UNDECLARED_SELECTOR = YES;
				GCC_WARN_UNINITIALIZED_AUTOS = YES_AGGRESSIVE;
				GCC_WARN_UNUSED_FUNCTION = YES;
				GCC_WARN_UNUSED_VARIABLE = YES;
				IPHONEOS_DEPLOYMENT_TARGET = 14.3;
				MTL_ENABLE_DEBUG_INFO = NO;
				MTL_FAST_MATH = YES;
				SDKROOT = iphoneos;
				SWIFT_COMPILATION_MODE = wholemodule;
				SWIFT_OPTIMIZATION_LEVEL = "-O";
				VALIDATE_PRODUCT = YES;
			};
			name = Release;
		};
		ECBF475125B331820059B73A /* Debug */ = {
			isa = XCBuildConfiguration;
			buildSettings = {
				ASSETCATALOG_COMPILER_APPICON_NAME = AppIcon;
				ASSETCATALOG_COMPILER_GLOBAL_ACCENT_COLOR_NAME = AccentColor;
				CLANG_ENABLE_MODULES = YES;
				CODE_SIGN_STYLE = Automatic;
				DEVELOPMENT_TEAM = 4S3J7NRC9R;
				INFOPLIST_FILE = Items/Info.plist;
				LD_RUNPATH_SEARCH_PATHS = (
					"$(inherited)",
					"@executable_path/Frameworks",
				);
				PRODUCT_BUNDLE_IDENTIFIER = mkshev.Items;
				PRODUCT_NAME = "$(TARGET_NAME)";
				SWIFT_OPTIMIZATION_LEVEL = "-Onone";
				SWIFT_VERSION = 5.0;
				TARGETED_DEVICE_FAMILY = "1,2";
			};
			name = Debug;
		};
		ECBF475225B331820059B73A /* Release */ = {
			isa = XCBuildConfiguration;
			buildSettings = {
				ASSETCATALOG_COMPILER_APPICON_NAME = AppIcon;
				ASSETCATALOG_COMPILER_GLOBAL_ACCENT_COLOR_NAME = AccentColor;
				CLANG_ENABLE_MODULES = YES;
				CODE_SIGN_STYLE = Automatic;
				DEVELOPMENT_TEAM = 4S3J7NRC9R;
				INFOPLIST_FILE = Items/Info.plist;
				LD_RUNPATH_SEARCH_PATHS = (
					"$(inherited)",
					"@executable_path/Frameworks",
				);
				PRODUCT_BUNDLE_IDENTIFIER = mkshev.Items;
				PRODUCT_NAME = "$(TARGET_NAME)";
				SWIFT_VERSION = 5.0;
				TARGETED_DEVICE_FAMILY = "1,2";
			};
			name = Release;
		};
/* End XCBuildConfiguration section */

/* Begin XCConfigurationList section */
		ECBF473725B331810059B73A /* Build configuration list for PBXProject "Items" */ = {
			isa = XCConfigurationList;
			buildConfigurations = (
				ECBF474E25B331820059B73A /* Debug */,
				ECBF474F25B331820059B73A /* Release */,
			);
			defaultConfigurationIsVisible = 0;
			defaultConfigurationName = Release;
		};
		ECBF475025B331820059B73A /* Build configuration list for PBXNativeTarget "Items" */ = {
			isa = XCConfigurationList;
			buildConfigurations = (
				ECBF475125B331820059B73A /* Debug */,
				ECBF475225B331820059B73A /* Release */,
			);
			defaultConfigurationIsVisible = 0;
			defaultConfigurationName = Release;
		};
/* End XCConfigurationList section */
	};
	rootObject = ECBF473425B331810059B73A /* Project object */;
}
